{
  "name": "my-mediabank",
  "version": "0.1.0",
  "lockfileVersion": 3,
  "requires": true,
  "packages": {
    "": {
      "name": "my-mediabank",
      "version": "0.1.0",
      "dependencies": {
        "@onedayonemasterpiece/live-interaction": "file:vendor/live-interaction-0.3.27.tgz"
      },
      "engines": {
        "node": ">=22"
      }
    },
    "node_modules/@onedayonemasterpiece/live-interaction": {
      "version": "0.3.27",
      "resolved": "file:vendor/live-interaction-0.3.27.tgz",
      "integrity": "sha512-u8zfxUYf4iWFAvgOLa1ExFXIoYgSNaS/QgLfPr3/UyF/X5VKYJNoZi1yM4qkvGY2/Eumm6013QqY3V4Ne1krLQ==",
      "engines": {
        "node": ">=22"
      }
    }
  }
}
